
Microsoft Visual Studio Solution File, Format Version 12.00
# Visual Studio Version 16
VisualStudioVersion = 16.0.30717.126
MinimumVisualStudioVersion = 10.0.40219.1
Project("{FAE04EC0-301F-11D3-BF4B-00C04F79EFBC}") = "SimpleCAP", "SimpleCAP\SimpleCAP.csproj", "{99F2CD23-E345-4DDC-A51D-58920647740B}"
EndProject
Global
	GlobalSection(SolutionConfigurationPlatforms) = preSolution
		Debug|Any CPU = Debug|Any CPU
		Release|Any CPU = Release|Any CPU
	EndGlobalSection
	GlobalSection(ProjectConfigurationPlatforms) = postSolution
		{99F2CD23-E345-4DDC-A51D-58920647740B}.Debug|Any CPU.ActiveCfg = Debug|Any CPU
		{99F2CD23-E345-4DDC-A51D-58920647740B}.Debug|Any CPU.Build.0 = Debug|Any CPU
		{99F2CD23-E345-4DDC-A51D-58920647740B}.Release|Any CPU.ActiveCfg = Release|Any CPU
		{99F2CD23-E345-4DDC-A51D-58920647740B}.Release|Any CPU.Build.0 = Release|Any CPU
	EndGlobalSection
	GlobalSection(SolutionProperties) = preSolution
		HideSolutionNode = FALSE
	EndGlobalSection
	GlobalSection(ExtensibilityGlobals) = postSolution
		SolutionGuid = {57772829-8B4C-4314-B934-9F029A8252A3}
	EndGlobalSection
EndGlobal
